
Microsoft Visual Studio Solution File, Format Version 12.00
# Visual Studio Version 16
VisualStudioVersion = 16.0.30320.27
MinimumVisualStudioVersion = 10.0.40219.1
Project("{FAE04EC0-301F-11D3-BF4B-00C04F79EFBC}") = "ExcelExporter", "ExcelExporter\ExcelExporter.csproj", "{CE5E7A01-F167-488D-B744-C11A3605F3B1}"
EndProject
Global
	GlobalSection(SolutionConfigurationPlatforms) = preSolution
		Debug|Any CPU = Debug|Any CPU
		Release|Any CPU = Release|Any CPU
	EndGlobalSection
	GlobalSection(ProjectConfigurationPlatforms) = postSolution
		{CE5E7A01-F167-488D-B744-C11A3605F3B1}.Debug|Any CPU.ActiveCfg = Debug|Any CPU
		{CE5E7A01-F167-488D-B744-C11A3605F3B1}.Debug|Any CPU.Build.0 = Debug|Any CPU
		{CE5E7A01-F167-488D-B744-C11A3605F3B1}.Release|Any CPU.ActiveCfg = Release|Any CPU
		{CE5E7A01-F167-488D-B744-C11A3605F3B1}.Release|Any CPU.Build.0 = Release|Any CPU
	EndGlobalSection
	GlobalSection(SolutionProperties) = preSolution
		HideSolutionNode = FALSE
	EndGlobalSection
	GlobalSection(ExtensibilityGlobals) = postSolution
		SolutionGuid = {9DC3FC03-3EBD-44FD-8C7F-1AB8E1CDAA6D}
	EndGlobalSection
EndGlobal
